Microsoft Visual Studio Solution File, Format Version 12.00
# Visual Studio Version 17
VisualStudioVersion = 17.5.2.0
MinimumVisualStudioVersion = 10.0.40219.1
Project("{2150E333-8FDC-42A3-9474-1A3956D46DE8}") = "Finals", "Finals", "{589C34F3-1B9F-606F-78ED-06DF9A009BFC}"
EndProject
Project("{FAE04EC0-301F-11D3-BF4B-00C04F79EFBC}") = "ParkingFinals", "Finals\ParkingFinals\ParkingFinals.csproj", "{0EB7B438-9691-2C85-3A9B-180F891137B1}"
EndProject
Global
	GlobalSection(SolutionConfigurationPlatforms) = preSolution
		Debug|Any CPU = Debug|Any CPU
		Release|Any CPU = Release|Any CPU
	EndGlobalSection
	GlobalSection(ProjectConfigurationPlatforms) = postSolution
		{0EB7B438-9691-2C85-3A9B-180F891137B1}.Debug|Any CPU.ActiveCfg = Debug|Any CPU
		{0EB7B438-9691-2C85-3A9B-180F891137B1}.Debug|Any CPU.Build.0 = Debug|Any CPU
		{0EB7B438-9691-2C85-3A9B-180F891137B1}.Release|Any CPU.ActiveCfg = Release|Any CPU
		{0EB7B438-9691-2C85-3A9B-180F891137B1}.Release|Any CPU.Build.0 = Release|Any CPU
	EndGlobalSection
	GlobalSection(SolutionProperties) = preSolution
		HideSolutionNode = FALSE
	EndGlobalSection
	GlobalSection(NestedProjects) = preSolution
		{0EB7B438-9691-2C85-3A9B-180F891137B1} = {589C34F3-1B9F-606F-78ED-06DF9A009BFC}
	EndGlobalSection
	GlobalSection(ExtensibilityGlobals) = postSolution
		SolutionGuid = {EAB606EE-951A-458B-99EE-A00C8A0B21F2}
	EndGlobalSection
EndGlobal
